// !$*UTF8*$!
{
	archiveVersion = 1;
	classes = {
	};
	objectVersion = 55;
	objects = {

/* Begin PBXBuildFile section */
		2A420F942745677C004BA71A /* AdventureItemView.swift in Sources */ = {isa = PBXBuildFile; fileRef = 2A420F932745677C004BA71A /* AdventureItemView.swift */; };
		2A6F44A827472FCE0083F738 /* AppTheme.swift in Sources */ = {isa = PBXBuildFile; fileRef = 2A6F44A727472FCE0083F738 /* AppTheme.swift */; };
		2A6F44AA2747B45B0083F738 /* AdventureView.swift in Sources */ = {isa = PBXBuildFile; fileRef = 2A6F44A92747B45B0083F738 /* AdventureView.swift */; };
		2A6F44AC2747D3240083F738 /* Playlist.swift in Sources */ = {isa = PBXBuildFile; fileRef = 2A6F44AB2747D3240083F738 /* Playlist.swift */; };
		2A916B5E2746E76D0004D2B6 /* Cinematic.m4a in Resources */ = {isa = PBXBuildFile; fileRef = 2A916B5B2746E7680004D2B6 /* Cinematic.m4a */; };
		2A916B5F2746E76D0004D2B6 /* Classical.m4a in Resources */ = {isa = PBXBuildFile; fileRef = 2A916B5C2746E76B0004D2B6 /* Classical.m4a */; };
		2A916B602746E76D0004D2B6 /* Nature.m4a in Resources */ = {isa = PBXBuildFile; fileRef = 2A916B5D2746E76D0004D2B6 /* Nature.m4a */; };
		2A916B622746EC400004D2B6 /* ExercisesView.swift in Sources */ = {isa = PBXBuildFile; fileRef = 2A916B612746EC3F0004D2B6 /* ExercisesView.swift */; };
		2A916B642746EC6A0004D2B6 /* AwardsView.swift in Sources */ = {isa = PBXBuildFile; fileRef = 2A916B632746EC6A0004D2B6 /* AwardsView.swift */; };
		2ADB008A2745598E00099364 /* OwlAdventuresApp.swift in Sources */ = {isa = PBXBuildFile; fileRef = 2ADB00892745598E00099364 /* OwlAdventuresApp.swift */; };
		2ADB008C2745598E00099364 /* AdventuresView.swift in Sources */ = {isa = PBXBuildFile; fileRef = 2ADB008B2745598E00099364 /* AdventuresView.swift */; };
		2ADB008E2745599000099364 /* Assets.xcassets in Resources */ = {isa = PBXBuildFile; fileRef = 2ADB008D2745599000099364 /* Assets.xcassets */; };
		2ADB00912745599000099364 /* Preview Assets.xcassets in Resources */ = {isa = PBXBuildFile; fileRef = 2ADB00902745599000099364 /* Preview Assets.xcassets */; };
		2ADB009827455A3200099364 /* Adventure.swift in Sources */ = {isa = PBXBuildFile; fileRef = 2ADB009727455A3200099364 /* Adventure.swift */; };
		2ADB009A27455A9600099364 /* Exercise.swift in Sources */ = {isa = PBXBuildFile; fileRef = 2ADB009927455A9600099364 /* Exercise.swift */; };
		2ADB009C27455ACB00099364 /* Award.swift in Sources */ = {isa = PBXBuildFile; fileRef = 2ADB009B27455ACB00099364 /* Award.swift */; };
		2ADB00AF274562BE00099364 /* MusicPlayer.swift in Sources */ = {isa = PBXBuildFile; fileRef = 2ADB00AE274562BE00099364 /* MusicPlayer.swift */; };
		2AFD93A1274A799000F293E0 /* AdventureCompletedView.swift in Sources */ = {isa = PBXBuildFile; fileRef = 2AFD93A0274A799000F293E0 /* AdventureCompletedView.swift */; };
		D830B3CB274C797000BE9BE8 /* FloatingOwl.swift in Sources */ = {isa = PBXBuildFile; fileRef = D830B3CA274C797000BE9BE8 /* FloatingOwl.swift */; };
		D85C27D62745B192002B3902 /* SearchBarView.swift in Sources */ = {isa = PBXBuildFile; fileRef = D85C27D52745B192002B3902 /* SearchBarView.swift */; };
		D8FC42DA2745C3E600E1BB85 /* MainView.swift in Sources */ = {isa = PBXBuildFile; fileRef = D8FC42D92745C3E600E1BB85 /* MainView.swift */; };
		D8FC42E0274695DE00E1BB85 /* FilterView.swift in Sources */ = {isa = PBXBuildFile; fileRef = D8FC42DF274695DE00E1BB85 /* FilterView.swift */; };
/* End PBXBuildFile section */

/* Begin PBXFileReference section */
		2A420F932745677C004BA71A /* AdventureItemView.swift */ = {isa = PBXFileReference; lastKnownFileType = sourcecode.swift; path = AdventureItemView.swift; sourceTree = "<group>"; };
		2A6F44A727472FCE0083F738 /* AppTheme.swift */ = {isa = PBXFileReference; lastKnownFileType = sourcecode.swift; path = AppTheme.swift; sourceTree = "<group>"; };
		2A6F44A92747B45B0083F738 /* AdventureView.swift */ = {isa = PBXFileReference; lastKnownFileType = sourcecode.swift; path = AdventureView.swift; sourceTree = "<group>"; };
		2A6F44AB2747D3240083F738 /* Playlist.swift */ = {isa = PBXFileReference; lastKnownFileType = sourcecode.swift; path = Playlist.swift; sourceTree = "<group>"; };
		2A916B5B2746E7680004D2B6 /* Cinematic.m4a */ = {isa = PBXFileReference; lastKnownFileType = file; path = Cinematic.m4a; sourceTree = "<group>"; };
		2A916B5C2746E76B0004D2B6 /* Classical.m4a */ = {isa = PBXFileReference; lastKnownFileType = file; path = Classical.m4a; sourceTree = "<group>"; };
		2A916B5D2746E76D0004D2B6 /* Nature.m4a */ = {isa = PBXFileReference; lastKnownFileType = file; path = Nature.m4a; sourceTree = "<group>"; };
		2A916B612746EC3F0004D2B6 /* ExercisesView.swift */ = {isa = PBXFileReference; lastKnownFileType = sourcecode.swift; path = ExercisesView.swift; sourceTree = "<group>"; };
		2A916B632746EC6A0004D2B6 /* AwardsView.swift */ = {isa = PBXFileReference; lastKnownFileType = sourcecode.swift; path = AwardsView.swift; sourceTree = "<group>"; };
		2ADB00862745598E00099364 /* new-owl-adventures.app */ = {isa = PBXFileReference; explicitFileType = wrapper.application; includeInIndex = 0; path = "new-owl-adventures.app"; sourceTree = BUILT_PRODUCTS_DIR; };
		2ADB00892745598E00099364 /* OwlAdventuresApp.swift */ = {isa = PBXFileReference; lastKnownFileType = sourcecode.swift; path = OwlAdventuresApp.swift; sourceTree = "<group>"; };
		2ADB008B2745598E00099364 /* AdventuresView.swift */ = {isa = PBXFileReference; lastKnownFileType = sourcecode.swift; path = AdventuresView.swift; sourceTree = "<group>"; };
		2ADB008D2745599000099364 /* Assets.xcassets */ = {isa = PBXFileReference; lastKnownFileType = folder.assetcatalog; path = Assets.xcassets; sourceTree = "<group>"; };
		2ADB00902745599000099364 /* Preview Assets.xcassets */ = {isa = PBXFileReference; lastKnownFileType = folder.assetcatalog; path = "Preview Assets.xcassets"; sourceTree = "<group>"; };
		2ADB009727455A3200099364 /* Adventure.swift */ = {isa = PBXFileReference; lastKnownFileType = sourcecode.swift; path = Adventure.swift; sourceTree = "<group>"; };
		2ADB009927455A9600099364 /* Exercise.swift */ = {isa = PBXFileReference; lastKnownFileType = sourcecode.swift; path = Exercise.swift; sourceTree = "<group>"; };
		2ADB009B27455ACB00099364 /* Award.swift */ = {isa = PBXFileReference; lastKnownFileType = sourcecode.swift; path = Award.swift; sourceTree = "<group>"; };
		2ADB00AE274562BE00099364 /* MusicPlayer.swift */ = {isa = PBXFileReference; lastKnownFileType = sourcecode.swift; path = MusicPlayer.swift; sourceTree = "<group>"; };
		2ADB00B02745640800099364 /* Info.plist */ = {isa = PBXFileReference; lastKnownFileType = text.plist; path = Info.plist; sourceTree = "<group>"; };
		2AFD93A0274A799000F293E0 /* AdventureCompletedView.swift */ = {isa = PBXFileReference; lastKnownFileType = sourcecode.swift; path = AdventureCompletedView.swift; sourceTree = "<group>"; };
		D830B3CA274C797000BE9BE8 /* FloatingOwl.swift */ = {isa = PBXFileReference; lastKnownFileType = sourcecode.swift; path = FloatingOwl.swift; sourceTree = "<group>"; };
		D85C27D52745B192002B3902 /* SearchBarView.swift */ = {isa = PBXFileReference; lastKnownFileType = sourcecode.swift; path = SearchBarView.swift; sourceTree = "<group>"; };
		D8FC42D92745C3E600E1BB85 /* MainView.swift */ = {isa = PBXFileReference; lastKnownFileType = sourcecode.swift; path = MainView.swift; sourceTree = "<group>"; };
		D8FC42DF274695DE00E1BB85 /* FilterView.swift */ = {isa = PBXFileReference; lastKnownFileType = sourcecode.swift; path = FilterView.swift; sourceTree = "<group>"; };
/* End PBXFileReference section */

/* Begin PBXFrameworksBuildPhase section */
		2ADB00832745598E00099364 /* Frameworks */ = {
			isa = PBXFrameworksBuildPhase;
			buildActionMask = 2147483647;
			files = (
			);
			runOnlyForDeploymentPostprocessing = 0;
		};
/* End PBXFrameworksBuildPhase section */

/* Begin PBXGroup section */
		2A916B542746E0E00004D2B6 /* Playlists */ = {
			isa = PBXGroup;
			children = (
				2A916B5B2746E7680004D2B6 /* Cinematic.m4a */,
				2A916B5C2746E76B0004D2B6 /* Classical.m4a */,
				2A916B5D2746E76D0004D2B6 /* Nature.m4a */,
			);
			path = Playlists;
			sourceTree = "<group>";
		};
		2ADB007D2745598E00099364 = {
			isa = PBXGroup;
			children = (
				2ADB00882745598E00099364 /* new-owl-adventures */,
				2ADB00872745598E00099364 /* Products */,
			);
			sourceTree = "<group>";
		};
		2ADB00872745598E00099364 /* Products */ = {
			isa = PBXGroup;
			children = (
				2ADB00862745598E00099364 /* new-owl-adventures.app */,
			);
			name = Products;
			sourceTree = "<group>";
		};
		2ADB00882745598E00099364 /* new-owl-adventures */ = {
			isa = PBXGroup;
			children = (
				2ADB00B02745640800099364 /* Info.plist */,
				2ADB00892745598E00099364 /* OwlAdventuresApp.swift */,
				2ADB009D27455AF500099364 /* Model */,
				2ADB009E27455AFD00099364 /* Views */,
				2ADB008D2745599000099364 /* Assets.xcassets */,
				D8212F972746AC3200DEDFB1 /* Audio Assets */,
				2ADB008F2745599000099364 /* Preview Content */,
			);
			path = "new-owl-adventures";
			sourceTree = "<group>";
		};
		2ADB008F2745599000099364 /* Preview Content */ = {
			isa = PBXGroup;
			children = (
				2ADB00902745599000099364 /* Preview Assets.xcassets */,
			);
			path = "Preview Content";
			sourceTree = "<group>";
		};
		2ADB009D27455AF500099364 /* Model */ = {
			isa = PBXGroup;
			children = (
				2A6F44A727472FCE0083F738 /* AppTheme.swift */,
				2A6F44AB2747D3240083F738 /* Playlist.swift */,
				2ADB009727455A3200099364 /* Adventure.swift */,
				2ADB009927455A9600099364 /* Exercise.swift */,
				2ADB009B27455ACB00099364 /* Award.swift */,
				2ADB00AE274562BE00099364 /* MusicPlayer.swift */,
			);
			path = Model;
			sourceTree = "<group>";
		};
		2ADB009E27455AFD00099364 /* Views */ = {
			isa = PBXGroup;
			children = (
				D8FC42D92745C3E600E1BB85 /* MainView.swift */,
				2ADB008B2745598E00099364 /* AdventuresView.swift */,
				2A420F932745677C004BA71A /* AdventureItemView.swift */,
				2A6F44A92747B45B0083F738 /* AdventureView.swift */,
				2AFD93A0274A799000F293E0 /* AdventureCompletedView.swift */,
				2A916B612746EC3F0004D2B6 /* ExercisesView.swift */,
				2A916B632746EC6A0004D2B6 /* AwardsView.swift */,
				D85C27D52745B192002B3902 /* SearchBarView.swift */,
				D8FC42DF274695DE00E1BB85 /* FilterView.swift */,
				D830B3CA274C797000BE9BE8 /* FloatingOwl.swift */,
			);
			path = Views;
			sourceTree = "<group>";
		};
		D8212F972746AC3200DEDFB1 /* Audio Assets */ = {
			isa = PBXGroup;
			children = (
				2A916B542746E0E00004D2B6 /* Playlists */,
			);
			path = "Audio Assets";
			sourceTree = "<group>";
		};
/* End PBXGroup section */

/* Begin PBXNativeTarget section */
		2ADB00852745598E00099364 /* new-owl-adventures */ = {
			isa = PBXNativeTarget;
			buildConfigurationList = 2ADB00942745599000099364 /* Build configuration list for PBXNativeTarget "new-owl-adventures" */;
			buildPhases = (
				2ADB00822745598E00099364 /* Sources */,
				2ADB00832745598E00099364 /* Frameworks */,
				2ADB00842745598E00099364 /* Resources */,
			);
			buildRules = (
			);
			dependencies = (
			);
			name = "new-owl-adventures";
			productName = "new-owl-adventures";
			productReference = 2ADB00862745598E00099364 /* new-owl-adventures.app */;
			productType = "com.apple.product-type.application";
		};
/* End PBXNativeTarget section */

/* Begin PBXProject section */
		2ADB007E2745598E00099364 /* Project object */ = {
			isa = PBXProject;
			attributes = {
				BuildIndependentTargetsInParallel = 1;
				LastSwiftUpdateCheck = 1310;
				LastUpgradeCheck = 1310;
				TargetAttributes = {
					2ADB00852745598E00099364 = {
						CreatedOnToolsVersion = 13.1;
					};
				};
			};
			buildConfigurationList = 2ADB00812745598E00099364 /* Build configuration list for PBXProject "new-owl-adventures" */;
			compatibilityVersion = "Xcode 13.0";
			developmentRegion = en;
			hasScannedForEncodings = 0;
			knownRegions = (
				en,
				Base,
			);
			mainGroup = 2ADB007D2745598E00099364;
			productRefGroup = 2ADB00872745598E00099364 /* Products */;
			projectDirPath = "";
			projectRoot = "";
			targets = (
				2ADB00852745598E00099364 /* new-owl-adventures */,
			);
		};
/* End PBXProject section */

/* Begin PBXResourcesBuildPhase section */
		2ADB00842745598E00099364 /* Resources */ = {
			isa = PBXResourcesBuildPhase;
			buildActionMask = 2147483647;
			files = (
				2A916B5F2746E76D0004D2B6 /* Classical.m4a in Resources */,
				2ADB00912745599000099364 /* Preview Assets.xcassets in Resources */,
				2A916B5E2746E76D0004D2B6 /* Cinematic.m4a in Resources */,
				2ADB008E2745599000099364 /* Assets.xcassets in Resources */,
				2A916B602746E76D0004D2B6 /* Nature.m4a in Resources */,
			);
			runOnlyForDeploymentPostprocessing = 0;
		};
/* End PBXResourcesBuildPhase section */

/* Begin PBXSourcesBuildPhase section */
		2ADB00822745598E00099364 /* Sources */ = {
			isa = PBXSourcesBuildPhase;
			buildActionMask = 2147483647;
			files = (
				D830B3CB274C797000BE9BE8 /* FloatingOwl.swift in Sources */,
				2ADB008C2745598E00099364 /* AdventuresView.swift in Sources */,
				D8FC42DA2745C3E600E1BB85 /* MainView.swift in Sources */,
				D8FC42E0274695DE00E1BB85 /* FilterView.swift in Sources */,
				2A6F44A827472FCE0083F738 /* AppTheme.swift in Sources */,
				2AFD93A1274A799000F293E0 /* AdventureCompletedView.swift in Sources */,
				2ADB009A27455A9600099364 /* Exercise.swift in Sources */,
				2ADB00AF274562BE00099364 /* MusicPlayer.swift in Sources */,
				2A420F942745677C004BA71A /* AdventureItemView.swift in Sources */,
				2A6F44AA2747B45B0083F738 /* AdventureView.swift in Sources */,
				2ADB009827455A3200099364 /* Adventure.swift in Sources */,
				2A916B622746EC400004D2B6 /* ExercisesView.swift in Sources */,
				2A6F44AC2747D3240083F738 /* Playlist.swift in Sources */,
				2A916B642746EC6A0004D2B6 /* AwardsView.swift in Sources */,
				D85C27D62745B192002B3902 /* SearchBarView.swift in Sources */,
				2ADB009C27455ACB00099364 /* Award.swift in Sources */,
				2ADB008A2745598E00099364 /* OwlAdventuresApp.swift in Sources */,
			);
			runOnlyForDeploymentPostprocessing = 0;
		};
/* End PBXSourcesBuildPhase section */

/* Begin XCBuildConfiguration section */
		2ADB00922745599000099364 /* Debug */ = {
			isa = XCBuildConfiguration;
			buildSettings = {
				ALWAYS_SEARCH_USER_PATHS = NO;
				CLANG_ANALYZER_NONNULL = YES;
				CLANG_ANALYZER_NUMBER_OBJECT_CONVERSION = YES_AGGRESSIVE;
				CLANG_CXX_LANGUAGE_STANDARD = "gnu++17";
				CLANG_CXX_LIBRARY = "libc++";
				CLANG_ENABLE_MODULES = YES;
				CLANG_ENABLE_OBJC_ARC = YES;
				CLANG_ENABLE_OBJC_WEAK = YES;
				CLANG_WARN_BLOCK_CAPTURE_AUTORELEASING = YES;
				CLANG_WARN_BOOL_CONVERSION = YES;
				CLANG_WARN_COMMA = YES;
				CLANG_WARN_CONSTANT_CONVERSION = YES;
				CLANG_WARN_DEPRECATED_OBJC_IMPLEMENTATIONS = YES;
				CLANG_WARN_DIRECT_OBJC_ISA_USAGE = YES_ERROR;
				CLANG_WARN_DOCUMENTATION_COMMENTS = YES;
				CLANG_WARN_EMPTY_BODY = YES;
				CLANG_WARN_ENUM_CONVERSION = YES;
				CLANG_WARN_INFINITE_RECURSION = YES;
				CLANG_WARN_INT_CONVERSION = YES;
				CLANG_WARN_NON_LITERAL_NULL_CONVERSION = YES;
				CLANG_WARN_OBJC_IMPLICIT_RETAIN_SELF = YES;
				CLANG_WARN_OBJC_LITERAL_CONVERSION = YES;
				CLANG_WARN_OBJC_ROOT_CLASS = YES_ERROR;
				CLANG_WARN_QUOTED_INCLUDE_IN_FRAMEWORK_HEADER = YES;
				CLANG_WARN_RANGE_LOOP_ANALYSIS = YES;
				CLANG_WARN_STRICT_PROTOTYPES = YES;
				CLANG_WARN_SUSPICIOUS_MOVE = YES;
				CLANG_WARN_UNGUARDED_AVAILABILITY = YES_AGGRESSIVE;
				CLANG_WARN_UNREACHABLE_CODE = YES;
				CLANG_WARN__DUPLICATE_METHOD_MATCH = YES;
				COPY_PHASE_STRIP = NO;
				DEBUG_INFORMATION_FORMAT = dwarf;
				ENABLE_STRICT_OBJC_MSGSEND = YES;
				ENABLE_TESTABILITY = YES;
				GCC_C_LANGUAGE_STANDARD = gnu11;
				GCC_DYNAMIC_NO_PIC = NO;
				GCC_NO_COMMON_BLOCKS = YES;
				GCC_OPTIMIZATION_LEVEL = 0;
				GCC_PREPROCESSOR_DEFINITIONS = (
					"DEBUG=1",
					"$(inherited)",
				);
				GCC_WARN_64_TO_32_BIT_CONVERSION = YES;
				GCC_WARN_ABOUT_RETURN_TYPE = YES_ERROR;
				GCC_WARN_UNDECLARED_SELECTOR = YES;
				GCC_WARN_UNINITIALIZED_AUTOS = YES_AGGRESSIVE;
				GCC_WARN_UNUSED_FUNCTION = YES;
				GCC_WARN_UNUSED_VARIABLE = YES;
				IPHONEOS_DEPLOYMENT_TARGET = 15.0;
				MTL_ENABLE_DEBUG_INFO = INCLUDE_SOURCE;
				MTL_FAST_MATH = YES;
				ONLY_ACTIVE_ARCH = YES;
				SDKROOT = iphoneos;
				SWIFT_ACTIVE_COMPILATION_CONDITIONS = DEBUG;
				SWIFT_OPTIMIZATION_LEVEL = "-Onone";
			};
			name = Debug;
		};
		2ADB00932745599000099364 /* Release */ = {
			isa = XCBuildConfiguration;
			buildSettings = {
				ALWAYS_SEARCH_USER_PATHS = NO;
				CLANG_ANALYZER_NONNULL = YES;
				CLANG_ANALYZER_NUMBER_OBJECT_CONVERSION = YES_AGGRESSIVE;
				CLANG_CXX_LANGUAGE_STANDARD = "gnu++17";
				CLANG_CXX_LIBRARY = "libc++";
				CLANG_ENABLE_MODULES = YES;
				CLANG_ENABLE_OBJC_ARC = YES;
				CLANG_ENABLE_OBJC_WEAK = YES;
				CLANG_WARN_BLOCK_CAPTURE_AUTORELEASING = YES;
				CLANG_WARN_BOOL_CONVERSION = YES;
				CLANG_WARN_COMMA = YES;
				CLANG_WARN_CONSTANT_CONVERSION = YES;
				CLANG_WARN_DEPRECATED_OBJC_IMPLEMENTATIONS = YES;
				CLANG_WARN_DIRECT_OBJC_ISA_USAGE = YES_ERROR;
				CLANG_WARN_DOCUMENTATION_COMMENTS = YES;
				CLANG_WARN_EMPTY_BODY = YES;
				CLANG_WARN_ENUM_CONVERSION = YES;
				CLANG_WARN_INFINITE_RECURSION = YES;
				CLANG_WARN_INT_CONVERSION = YES;
				CLANG_WARN_NON_LITERAL_NULL_CONVERSION = YES;
				CLANG_WARN_OBJC_IMPLICIT_RETAIN_SELF = YES;
				CLANG_WARN_OBJC_LITERAL_CONVERSION = YES;
				CLANG_WARN_OBJC_ROOT_CLASS = YES_ERROR;
				CLANG_WARN_QUOTED_INCLUDE_IN_FRAMEWORK_HEADER = YES;
				CLANG_WARN_RANGE_LOOP_ANALYSIS = YES;
				CLANG_WARN_STRICT_PROTOTYPES = YES;
				CLANG_WARN_SUSPICIOUS_MOVE = YES;
				CLANG_WARN_UNGUARDED_AVAILABILITY = YES_AGGRESSIVE;
				CLANG_WARN_UNREACHABLE_CODE = YES;
				CLANG_WARN__DUPLICATE_METHOD_MATCH = YES;
				COPY_PHASE_STRIP = NO;
				DEBUG_INFORMATION_FORMAT = "dwarf-with-dsym";
				ENABLE_NS_ASSERTIONS = NO;
				ENABLE_STRICT_OBJC_MSGSEND = YES;
				GCC_C_LANGUAGE_STANDARD = gnu11;
				GCC_NO_COMMON_BLOCKS = YES;
				GCC_WARN_64_TO_32_BIT_CONVERSION = YES;
				GCC_WARN_ABOUT_RETURN_TYPE = YES_ERROR;
				GCC_WARN_UNDECLARED_SELECTOR = YES;
				GCC_WARN_UNINITIALIZED_AUTOS = YES_AGGRESSIVE;
				GCC_WARN_UNUSED_FUNCTION = YES;
				GCC_WARN_UNUSED_VARIABLE = YES;
				IPHONEOS_DEPLOYMENT_TARGET = 15.0;
				MTL_ENABLE_DEBUG_INFO = NO;
				MTL_FAST_MATH = YES;
				SDKROOT = iphoneos;
				SWIFT_COMPILATION_MODE = wholemodule;
				SWIFT_OPTIMIZATION_LEVEL = "-O";
				VALIDATE_PRODUCT = YES;
			};
			name = Release;
		};
		2ADB00952745599000099364 /* Debug */ = {
			isa = XCBuildConfiguration;
			buildSettings = {
				ASSETCATALOG_COMPILER_APPICON_NAME = AppIcon;
				ASSETCATALOG_COMPILER_GLOBAL_ACCENT_COLOR_NAME = AccentColor;
				CODE_SIGN_STYLE = Automatic;
				CURRENT_PROJECT_VERSION = 1;
				DEVELOPMENT_ASSET_PATHS = "\"new-owl-adventures/Preview Content\"";
				DEVELOPMENT_TEAM = 3GWJJ878N9;
				ENABLE_PREVIEWS = YES;
				GENERATE_INFOPLIST_FILE = YES;
				INFOPLIST_FILE = "new-owl-adventures/Info.plist";
				INFOPLIST_KEY_CFBundleDisplayName = Bewl;
				INFOPLIST_KEY_UIApplicationSceneManifest_Generation = YES;
				INFOPLIST_KEY_UIApplicationSupportsIndirectInputEvents = YES;
				INFOPLIST_KEY_UILaunchScreen_Generation = YES;
				INFOPLIST_KEY_UISupportedInterfaceOrientations = "UIInterfaceOrientationPortrait UIInterfaceOrientationPortraitUpsideDown";
				INFOPLIST_KEY_UISupportedInterfaceOrientations_iPad = "UIInterfaceOrientationPortrait UIInterfaceOrientationPortraitUpsideDown";
				INFOPLIST_KEY_UISupportedInterfaceOrientations_iPhone = UIInterfaceOrientationPortrait;
				INFOPLIST_KEY_UIUserInterfaceStyle = Dark;
				LD_RUNPATH_SEARCH_PATHS = (
					"$(inherited)",
					"@executable_path/Frameworks",
				);
				MARKETING_VERSION = 1.0;
				PRODUCT_BUNDLE_IDENTIFIER = com.appledeveloperacademy.vitaly.bewl;
				PRODUCT_NAME = "$(TARGET_NAME)";
				SWIFT_EMIT_LOC_STRINGS = YES;
				SWIFT_VERSION = 5.0;
				TARGETED_DEVICE_FAMILY = 1;
			};
			name = Debug;
		};
		2ADB00962745599000099364 /* Release */ = {
			isa = XCBuildConfiguration;
			buildSettings = {
				ASSETCATALOG_COMPILER_APPICON_NAME = AppIcon;
				ASSETCATALOG_COMPILER_GLOBAL_ACCENT_COLOR_NAME = AccentColor;
				CODE_SIGN_STYLE = Automatic;
				CURRENT_PROJECT_VERSION = 1;
				DEVELOPMENT_ASSET_PATHS = "\"new-owl-adventures/Preview Content\"";
				DEVELOPMENT_TEAM = 3GWJJ878N9;
				ENABLE_PREVIEWS = YES;
				GENERATE_INFOPLIST_FILE = YES;
				INFOPLIST_FILE = "new-owl-adventures/Info.plist";
				INFOPLIST_KEY_CFBundleDisplayName = Bewl;
				INFOPLIST_KEY_UIApplicationSceneManifest_Generation = YES;
				INFOPLIST_KEY_UIApplicationSupportsIndirectInputEvents = YES;
				INFOPLIST_KEY_UILaunchScreen_Generation = YES;
				INFOPLIST_KEY_UISupportedInterfaceOrientations = "UIInterfaceOrientationPortrait UIInterfaceOrientationPortraitUpsideDown";
				INFOPLIST_KEY_UISupportedInterfaceOrientations_iPad = "UIInterfaceOrientationPortrait UIInterfaceOrientationPortraitUpsideDown";
				INFOPLIST_KEY_UISupportedInterfaceOrientations_iPhone = UIInterfaceOrientationPortrait;
				INFOPLIST_KEY_UIUserInterfaceStyle = Dark;
				LD_RUNPATH_SEARCH_PATHS = (
					"$(inherited)",
					"@executable_path/Frameworks",
				);
				MARKETING_VERSION = 1.0;
				PRODUCT_BUNDLE_IDENTIFIER = com.appledeveloperacademy.vitaly.bewl;
				PRODUCT_NAME = "$(TARGET_NAME)";
				SWIFT_EMIT_LOC_STRINGS = YES;
				SWIFT_VERSION = 5.0;
				TARGETED_DEVICE_FAMILY = 1;
			};
			name = Release;
		};
/* End XCBuildConfiguration section */

/* Begin XCConfigurationList section */
		2ADB00812745598E00099364 /* Build configuration list for PBXProject "new-owl-adventures" */ = {
			isa = XCConfigurationList;
			buildConfigurations = (
				2ADB00922745599000099364 /* Debug */,
				2ADB00932745599000099364 /* Release */,
			);
			defaultConfigurationIsVisible = 0;
			defaultConfigurationName = Release;
		};
		2ADB00942745599000099364 /* Build configuration list for PBXNativeTarget "new-owl-adventures" */ = {
			isa = XCConfigurationList;
			buildConfigurations = (
				2ADB00952745599000099364 /* Debug */,
				2ADB00962745599000099364 /* Release */,
			);
			defaultConfigurationIsVisible = 0;
			defaultConfigurationName = Release;
		};
/* End XCConfigurationList section */
	};
	rootObject = 2ADB007E2745598E00099364 /* Project object */;
}
